
Microsoft Visual Studio Solution File, Format Version 12.00
# Visual Studio Version 16
VisualStudioVersion = 16.0.30804.86
MinimumVisualStudioVersion = 10.0.40219.1
Project("{FAE04EC0-301F-11D3-BF4B-00C04F79EFBC}") = "Exercise5(Part2)", "Exercise5(Part2)\Exercise5(Part2).csproj", "{4FF8E287-AED6-454D-A506-85D7E92EAC66}"
EndProject
Global
	GlobalSection(SolutionConfigurationPlatforms) = preSolution
		Debug|Any CPU = Debug|Any CPU
		Release|Any CPU = Release|Any CPU
	EndGlobalSection
	GlobalSection(ProjectConfigurationPlatforms) = postSolution
		{4FF8E287-AED6-454D-A506-85D7E92EAC66}.Debug|Any CPU.ActiveCfg = Debug|Any CPU
		{4FF8E287-AED6-454D-A506-85D7E92EAC66}.Debug|Any CPU.Build.0 = Debug|Any CPU
		{4FF8E287-AED6-454D-A506-85D7E92EAC66}.Release|Any CPU.ActiveCfg = Release|Any CPU
		{4FF8E287-AED6-454D-A506-85D7E92EAC66}.Release|Any CPU.Build.0 = Release|Any CPU
	EndGlobalSection
	GlobalSection(SolutionProperties) = preSolution
		HideSolutionNode = FALSE
	EndGlobalSection
	GlobalSection(ExtensibilityGlobals) = postSolution
		SolutionGuid = {C3B3BE91-8BF6-42B7-AA25-2A10029DF47E}
	EndGlobalSection
EndGlobal
