
Microsoft Visual Studio Solution File, Format Version 12.00
# Visual Studio Version 16
VisualStudioVersion = 16.0.30804.86
MinimumVisualStudioVersion = 10.0.40219.1
Project("{FAE04EC0-301F-11D3-BF4B-00C04F79EFBC}") = "Exercise2", "Exercise2\Exercise2.csproj", "{9C2B9F38-C7AF-47EE-B5E0-E6E9A9625410}"
EndProject
Global
	GlobalSection(SolutionConfigurationPlatforms) = preSolution
		Debug|Any CPU = Debug|Any CPU
		Release|Any CPU = Release|Any CPU
	EndGlobalSection
	GlobalSection(ProjectConfigurationPlatforms) = postSolution
		{9C2B9F38-C7AF-47EE-B5E0-E6E9A9625410}.Debug|Any CPU.ActiveCfg = Debug|Any CPU
		{9C2B9F38-C7AF-47EE-B5E0-E6E9A9625410}.Debug|Any CPU.Build.0 = Debug|Any CPU
		{9C2B9F38-C7AF-47EE-B5E0-E6E9A9625410}.Release|Any CPU.ActiveCfg = Release|Any CPU
		{9C2B9F38-C7AF-47EE-B5E0-E6E9A9625410}.Release|Any CPU.Build.0 = Release|Any CPU
	EndGlobalSection
	GlobalSection(SolutionProperties) = preSolution
		HideSolutionNode = FALSE
	EndGlobalSection
	GlobalSection(ExtensibilityGlobals) = postSolution
		SolutionGuid = {A3EE51DC-96D7-4499-AB58-66F2CB96558B}
	EndGlobalSection
EndGlobal
