
Microsoft Visual Studio Solution File, Format Version 12.00
# Visual Studio Version 16
VisualStudioVersion = 16.0.30804.86
MinimumVisualStudioVersion = 10.0.40219.1
Project("{FAE04EC0-301F-11D3-BF4B-00C04F79EFBC}") = "Exercise5(Part2)", "Exercise5(Part2)\Exercise5(Part2).csproj", "{079D601B-1DB5-488C-8606-29EB4AAE2C12}"
EndProject
Global
	GlobalSection(SolutionConfigurationPlatforms) = preSolution
		Debug|Any CPU = Debug|Any CPU
		Release|Any CPU = Release|Any CPU
	EndGlobalSection
	GlobalSection(ProjectConfigurationPlatforms) = postSolution
		{079D601B-1DB5-488C-8606-29EB4AAE2C12}.Debug|Any CPU.ActiveCfg = Debug|Any CPU
		{079D601B-1DB5-488C-8606-29EB4AAE2C12}.Debug|Any CPU.Build.0 = Debug|Any CPU
		{079D601B-1DB5-488C-8606-29EB4AAE2C12}.Release|Any CPU.ActiveCfg = Release|Any CPU
		{079D601B-1DB5-488C-8606-29EB4AAE2C12}.Release|Any CPU.Build.0 = Release|Any CPU
	EndGlobalSection
	GlobalSection(SolutionProperties) = preSolution
		HideSolutionNode = FALSE
	EndGlobalSection
	GlobalSection(ExtensibilityGlobals) = postSolution
		SolutionGuid = {0A19DB9C-B00F-4B7F-8B1C-473E2AA84BFF}
	EndGlobalSection
EndGlobal
