
Microsoft Visual Studio Solution File, Format Version 12.00
# Visual Studio Version 16
VisualStudioVersion = 16.0.30804.86
MinimumVisualStudioVersion = 10.0.40219.1
Project("{FAE04EC0-301F-11D3-BF4B-00C04F79EFBC}") = "Exercise3(Part2)", "Exercise3(Part2)\Exercise3(Part2).csproj", "{2343328C-5E81-413C-8593-9047FC6148BA}"
EndProject
Global
	GlobalSection(SolutionConfigurationPlatforms) = preSolution
		Debug|Any CPU = Debug|Any CPU
		Release|Any CPU = Release|Any CPU
	EndGlobalSection
	GlobalSection(ProjectConfigurationPlatforms) = postSolution
		{2343328C-5E81-413C-8593-9047FC6148BA}.Debug|Any CPU.ActiveCfg = Debug|Any CPU
		{2343328C-5E81-413C-8593-9047FC6148BA}.Debug|Any CPU.Build.0 = Debug|Any CPU
		{2343328C-5E81-413C-8593-9047FC6148BA}.Release|Any CPU.ActiveCfg = Release|Any CPU
		{2343328C-5E81-413C-8593-9047FC6148BA}.Release|Any CPU.Build.0 = Release|Any CPU
	EndGlobalSection
	GlobalSection(SolutionProperties) = preSolution
		HideSolutionNode = FALSE
	EndGlobalSection
	GlobalSection(ExtensibilityGlobals) = postSolution
		SolutionGuid = {F26C04FB-D679-45CA-AFDF-4BE28D663B95}
	EndGlobalSection
EndGlobal
