
Microsoft Visual Studio Solution File, Format Version 12.00
# Visual Studio Version 16
VisualStudioVersion = 16.0.30804.86
MinimumVisualStudioVersion = 10.0.40219.1
Project("{FAE04EC0-301F-11D3-BF4B-00C04F79EFBC}") = "Exercise1(Part2)", "Exercise1(Part2)\Exercise1(Part2).csproj", "{66CA9E00-50B0-4BB2-8A20-5113FB72C0EE}"
EndProject
Global
	GlobalSection(SolutionConfigurationPlatforms) = preSolution
		Debug|Any CPU = Debug|Any CPU
		Release|Any CPU = Release|Any CPU
	EndGlobalSection
	GlobalSection(ProjectConfigurationPlatforms) = postSolution
		{66CA9E00-50B0-4BB2-8A20-5113FB72C0EE}.Debug|Any CPU.ActiveCfg = Debug|Any CPU
		{66CA9E00-50B0-4BB2-8A20-5113FB72C0EE}.Debug|Any CPU.Build.0 = Debug|Any CPU
		{66CA9E00-50B0-4BB2-8A20-5113FB72C0EE}.Release|Any CPU.ActiveCfg = Release|Any CPU
		{66CA9E00-50B0-4BB2-8A20-5113FB72C0EE}.Release|Any CPU.Build.0 = Release|Any CPU
	EndGlobalSection
	GlobalSection(SolutionProperties) = preSolution
		HideSolutionNode = FALSE
	EndGlobalSection
	GlobalSection(ExtensibilityGlobals) = postSolution
		SolutionGuid = {E60C8222-B0A6-4640-923E-84904EB4C051}
	EndGlobalSection
EndGlobal
