
Microsoft Visual Studio Solution File, Format Version 12.00
# Visual Studio Version 16
VisualStudioVersion = 16.0.30804.86
MinimumVisualStudioVersion = 10.0.40219.1
Project("{FAE04EC0-301F-11D3-BF4B-00C04F79EFBC}") = "Exercise5(Part2)", "Exercise5(Part2)\Exercise5(Part2).csproj", "{48C4272D-84D5-468A-B837-C32D2EAEBD9A}"
EndProject
Global
	GlobalSection(SolutionConfigurationPlatforms) = preSolution
		Debug|Any CPU = Debug|Any CPU
		Release|Any CPU = Release|Any CPU
	EndGlobalSection
	GlobalSection(ProjectConfigurationPlatforms) = postSolution
		{48C4272D-84D5-468A-B837-C32D2EAEBD9A}.Debug|Any CPU.ActiveCfg = Debug|Any CPU
		{48C4272D-84D5-468A-B837-C32D2EAEBD9A}.Debug|Any CPU.Build.0 = Debug|Any CPU
		{48C4272D-84D5-468A-B837-C32D2EAEBD9A}.Release|Any CPU.ActiveCfg = Release|Any CPU
		{48C4272D-84D5-468A-B837-C32D2EAEBD9A}.Release|Any CPU.Build.0 = Release|Any CPU
	EndGlobalSection
	GlobalSection(SolutionProperties) = preSolution
		HideSolutionNode = FALSE
	EndGlobalSection
	GlobalSection(ExtensibilityGlobals) = postSolution
		SolutionGuid = {CF2FA8BE-3790-4EB3-B9C1-D548EA225D7B}
	EndGlobalSection
EndGlobal
