
Microsoft Visual Studio Solution File, Format Version 12.00
# Visual Studio Version 16
VisualStudioVersion = 16.0.30804.86
MinimumVisualStudioVersion = 10.0.40219.1
Project("{FAE04EC0-301F-11D3-BF4B-00C04F79EFBC}") = "Exercise2", "Exercise2\Exercise2.csproj", "{691B596D-19D0-47B0-9EB8-E294820178B5}"
EndProject
Global
	GlobalSection(SolutionConfigurationPlatforms) = preSolution
		Debug|Any CPU = Debug|Any CPU
		Release|Any CPU = Release|Any CPU
	EndGlobalSection
	GlobalSection(ProjectConfigurationPlatforms) = postSolution
		{691B596D-19D0-47B0-9EB8-E294820178B5}.Debug|Any CPU.ActiveCfg = Debug|Any CPU
		{691B596D-19D0-47B0-9EB8-E294820178B5}.Debug|Any CPU.Build.0 = Debug|Any CPU
		{691B596D-19D0-47B0-9EB8-E294820178B5}.Release|Any CPU.ActiveCfg = Release|Any CPU
		{691B596D-19D0-47B0-9EB8-E294820178B5}.Release|Any CPU.Build.0 = Release|Any CPU
	EndGlobalSection
	GlobalSection(SolutionProperties) = preSolution
		HideSolutionNode = FALSE
	EndGlobalSection
	GlobalSection(ExtensibilityGlobals) = postSolution
		SolutionGuid = {FBA0B1B4-3540-4D07-8430-ACF4E4AD07F2}
	EndGlobalSection
EndGlobal
