
Microsoft Visual Studio Solution File, Format Version 12.00
# Visual Studio Version 16
VisualStudioVersion = 16.0.30804.86
MinimumVisualStudioVersion = 10.0.40219.1
Project("{FAE04EC0-301F-11D3-BF4B-00C04F79EFBC}") = "Exercise2(Part2)", "Exercise2(Part2)\Exercise2(Part2).csproj", "{A634A35E-BECD-412F-AE13-4C3C04240A65}"
EndProject
Global
	GlobalSection(SolutionConfigurationPlatforms) = preSolution
		Debug|Any CPU = Debug|Any CPU
		Release|Any CPU = Release|Any CPU
	EndGlobalSection
	GlobalSection(ProjectConfigurationPlatforms) = postSolution
		{A634A35E-BECD-412F-AE13-4C3C04240A65}.Debug|Any CPU.ActiveCfg = Debug|Any CPU
		{A634A35E-BECD-412F-AE13-4C3C04240A65}.Debug|Any CPU.Build.0 = Debug|Any CPU
		{A634A35E-BECD-412F-AE13-4C3C04240A65}.Release|Any CPU.ActiveCfg = Release|Any CPU
		{A634A35E-BECD-412F-AE13-4C3C04240A65}.Release|Any CPU.Build.0 = Release|Any CPU
	EndGlobalSection
	GlobalSection(SolutionProperties) = preSolution
		HideSolutionNode = FALSE
	EndGlobalSection
	GlobalSection(ExtensibilityGlobals) = postSolution
		SolutionGuid = {0A017FEC-8E3B-4D82-AB8F-5E612D495F96}
	EndGlobalSection
EndGlobal
