
Microsoft Visual Studio Solution File, Format Version 12.00
# Visual Studio Version 16
VisualStudioVersion = 16.0.30804.86
MinimumVisualStudioVersion = 10.0.40219.1
Project("{FAE04EC0-301F-11D3-BF4B-00C04F79EFBC}") = "Exercise7(Part2)", "Exercise7(Part2)\Exercise7(Part2).csproj", "{FFC93C1B-53E4-4B8B-A704-E56488CE4490}"
EndProject
Global
	GlobalSection(SolutionConfigurationPlatforms) = preSolution
		Debug|Any CPU = Debug|Any CPU
		Release|Any CPU = Release|Any CPU
	EndGlobalSection
	GlobalSection(ProjectConfigurationPlatforms) = postSolution
		{FFC93C1B-53E4-4B8B-A704-E56488CE4490}.Debug|Any CPU.ActiveCfg = Debug|Any CPU
		{FFC93C1B-53E4-4B8B-A704-E56488CE4490}.Debug|Any CPU.Build.0 = Debug|Any CPU
		{FFC93C1B-53E4-4B8B-A704-E56488CE4490}.Release|Any CPU.ActiveCfg = Release|Any CPU
		{FFC93C1B-53E4-4B8B-A704-E56488CE4490}.Release|Any CPU.Build.0 = Release|Any CPU
	EndGlobalSection
	GlobalSection(SolutionProperties) = preSolution
		HideSolutionNode = FALSE
	EndGlobalSection
	GlobalSection(ExtensibilityGlobals) = postSolution
		SolutionGuid = {F30D8DDC-B1D1-4F73-A76B-B1B9439B50BA}
	EndGlobalSection
EndGlobal
