
Microsoft Visual Studio Solution File, Format Version 12.00
# Visual Studio Version 16
VisualStudioVersion = 16.0.30804.86
MinimumVisualStudioVersion = 10.0.40219.1
Project("{FAE04EC0-301F-11D3-BF4B-00C04F79EFBC}") = "Exercise2", "Exercise2\Exercise2.csproj", "{93C256DC-7784-4897-B046-4DE5E0075C36}"
EndProject
Global
	GlobalSection(SolutionConfigurationPlatforms) = preSolution
		Debug|Any CPU = Debug|Any CPU
		Release|Any CPU = Release|Any CPU
	EndGlobalSection
	GlobalSection(ProjectConfigurationPlatforms) = postSolution
		{93C256DC-7784-4897-B046-4DE5E0075C36}.Debug|Any CPU.ActiveCfg = Debug|Any CPU
		{93C256DC-7784-4897-B046-4DE5E0075C36}.Debug|Any CPU.Build.0 = Debug|Any CPU
		{93C256DC-7784-4897-B046-4DE5E0075C36}.Release|Any CPU.ActiveCfg = Release|Any CPU
		{93C256DC-7784-4897-B046-4DE5E0075C36}.Release|Any CPU.Build.0 = Release|Any CPU
	EndGlobalSection
	GlobalSection(SolutionProperties) = preSolution
		HideSolutionNode = FALSE
	EndGlobalSection
	GlobalSection(ExtensibilityGlobals) = postSolution
		SolutionGuid = {19F9C4CB-33C3-42AD-B53E-B1E1C0783F84}
	EndGlobalSection
EndGlobal
