
Microsoft Visual Studio Solution File, Format Version 12.00
# Visual Studio Version 16
VisualStudioVersion = 16.0.30804.86
MinimumVisualStudioVersion = 10.0.40219.1
Project("{FAE04EC0-301F-11D3-BF4B-00C04F79EFBC}") = "Exercise1(Part2)", "Exercise1(Part2)\Exercise1(Part2).csproj", "{CDCE7CF2-EE9C-4E30-8AFB-DA02CE370080}"
EndProject
Global
	GlobalSection(SolutionConfigurationPlatforms) = preSolution
		Debug|Any CPU = Debug|Any CPU
		Release|Any CPU = Release|Any CPU
	EndGlobalSection
	GlobalSection(ProjectConfigurationPlatforms) = postSolution
		{CDCE7CF2-EE9C-4E30-8AFB-DA02CE370080}.Debug|Any CPU.ActiveCfg = Debug|Any CPU
		{CDCE7CF2-EE9C-4E30-8AFB-DA02CE370080}.Debug|Any CPU.Build.0 = Debug|Any CPU
		{CDCE7CF2-EE9C-4E30-8AFB-DA02CE370080}.Release|Any CPU.ActiveCfg = Release|Any CPU
		{CDCE7CF2-EE9C-4E30-8AFB-DA02CE370080}.Release|Any CPU.Build.0 = Release|Any CPU
	EndGlobalSection
	GlobalSection(SolutionProperties) = preSolution
		HideSolutionNode = FALSE
	EndGlobalSection
	GlobalSection(ExtensibilityGlobals) = postSolution
		SolutionGuid = {2D4A2B92-2CA0-4119-BB45-29E3B887231E}
	EndGlobalSection
EndGlobal
