
Microsoft Visual Studio Solution File, Format Version 12.00
# Visual Studio Version 16
VisualStudioVersion = 16.0.30804.86
MinimumVisualStudioVersion = 10.0.40219.1
Project("{FAE04EC0-301F-11D3-BF4B-00C04F79EFBC}") = "Exercise2(Part2)", "Exercise2(Part2)\Exercise2(Part2).csproj", "{5706C4FA-6A06-468B-80B5-B4351ED30692}"
EndProject
Global
	GlobalSection(SolutionConfigurationPlatforms) = preSolution
		Debug|Any CPU = Debug|Any CPU
		Release|Any CPU = Release|Any CPU
	EndGlobalSection
	GlobalSection(ProjectConfigurationPlatforms) = postSolution
		{5706C4FA-6A06-468B-80B5-B4351ED30692}.Debug|Any CPU.ActiveCfg = Debug|Any CPU
		{5706C4FA-6A06-468B-80B5-B4351ED30692}.Debug|Any CPU.Build.0 = Debug|Any CPU
		{5706C4FA-6A06-468B-80B5-B4351ED30692}.Release|Any CPU.ActiveCfg = Release|Any CPU
		{5706C4FA-6A06-468B-80B5-B4351ED30692}.Release|Any CPU.Build.0 = Release|Any CPU
	EndGlobalSection
	GlobalSection(SolutionProperties) = preSolution
		HideSolutionNode = FALSE
	EndGlobalSection
	GlobalSection(ExtensibilityGlobals) = postSolution
		SolutionGuid = {6AEA565B-588D-46C7-B8BB-8EB2C3E4EEEF}
	EndGlobalSection
EndGlobal
