
Microsoft Visual Studio Solution File, Format Version 12.00
# Visual Studio Version 16
VisualStudioVersion = 16.0.30804.86
MinimumVisualStudioVersion = 10.0.40219.1
Project("{FAE04EC0-301F-11D3-BF4B-00C04F79EFBC}") = "Exercise6", "Exercise6\Exercise6.csproj", "{3C814541-4CA0-4BB1-ACD7-CC433DDE32FF}"
EndProject
Global
	GlobalSection(SolutionConfigurationPlatforms) = preSolution
		Debug|Any CPU = Debug|Any CPU
		Release|Any CPU = Release|Any CPU
	EndGlobalSection
	GlobalSection(ProjectConfigurationPlatforms) = postSolution
		{3C814541-4CA0-4BB1-ACD7-CC433DDE32FF}.Debug|Any CPU.ActiveCfg = Debug|Any CPU
		{3C814541-4CA0-4BB1-ACD7-CC433DDE32FF}.Debug|Any CPU.Build.0 = Debug|Any CPU
		{3C814541-4CA0-4BB1-ACD7-CC433DDE32FF}.Release|Any CPU.ActiveCfg = Release|Any CPU
		{3C814541-4CA0-4BB1-ACD7-CC433DDE32FF}.Release|Any CPU.Build.0 = Release|Any CPU
	EndGlobalSection
	GlobalSection(SolutionProperties) = preSolution
		HideSolutionNode = FALSE
	EndGlobalSection
	GlobalSection(ExtensibilityGlobals) = postSolution
		SolutionGuid = {04958FE9-B20C-4A93-B738-8714281D10D5}
	EndGlobalSection
EndGlobal
