
Microsoft Visual Studio Solution File, Format Version 12.00
# Visual Studio Version 16
VisualStudioVersion = 16.0.30804.86
MinimumVisualStudioVersion = 10.0.40219.1
Project("{FAE04EC0-301F-11D3-BF4B-00C04F79EFBC}") = "Exercise1", "Exercise1\Exercise1.csproj", "{8BCABE2A-DC07-45BE-91FB-C626C5913CAE}"
EndProject
Global
	GlobalSection(SolutionConfigurationPlatforms) = preSolution
		Debug|Any CPU = Debug|Any CPU
		Release|Any CPU = Release|Any CPU
	EndGlobalSection
	GlobalSection(ProjectConfigurationPlatforms) = postSolution
		{8BCABE2A-DC07-45BE-91FB-C626C5913CAE}.Debug|Any CPU.ActiveCfg = Debug|Any CPU
		{8BCABE2A-DC07-45BE-91FB-C626C5913CAE}.Debug|Any CPU.Build.0 = Debug|Any CPU
		{8BCABE2A-DC07-45BE-91FB-C626C5913CAE}.Release|Any CPU.ActiveCfg = Release|Any CPU
		{8BCABE2A-DC07-45BE-91FB-C626C5913CAE}.Release|Any CPU.Build.0 = Release|Any CPU
	EndGlobalSection
	GlobalSection(SolutionProperties) = preSolution
		HideSolutionNode = FALSE
	EndGlobalSection
	GlobalSection(ExtensibilityGlobals) = postSolution
		SolutionGuid = {2C84CFAC-67EF-4652-AB51-86916ECD1C60}
	EndGlobalSection
EndGlobal
